
Microsoft Visual Studio Solution File, Format Version 12.00
# Visual Studio 15
VisualStudioVersion = 15.0.28307.572
MinimumVisualStudioVersion = 10.0.40219.1
Project("{2150E333-8FDC-42A3-9474-1A3956D46DE8}") = "Solution Items", "Solution Items", "{25482265-3193-4D02-8012-E2F7072233C1}"
	ProjectSection(SolutionItems) = preProject
		task.md = task.md
	EndProjectSection
EndProject
Project("{FAE04EC0-301F-11D3-BF4B-00C04F79EFBC}") = "DocumentsJoiner", "DocumentsJoiner\DocumentsJoiner.csproj", "{E581E38B-7B37-4EF3-B118-7C0F8400143C}"
EndProject
Project("{FAE04EC0-301F-11D3-BF4B-00C04F79EFBC}") = "DocumentsJoiner.Tests", "DocumentsJoiner.Tests\DocumentsJoiner.Tests.csproj", "{4AF6E2F7-0DD0-49AC-B69A-455282E200AE}"
EndProject
Project("{FAE04EC0-301F-11D3-BF4B-00C04F79EFBC}") = "DocumentsJoiner.Wrappers", "DocumentsJoiner.Adapter\DocumentsJoiner.Wrappers.csproj", "{7297DBA4-4C0E-47D3-9185-B4B3D4B89635}"
EndProject
Project("{FAE04EC0-301F-11D3-BF4B-00C04F79EFBC}") = "DocumentsJoiner.WindowsService", "DocumentsJoiner.WindowsService\DocumentsJoiner.WindowsService.csproj", "{E34DFA6F-9955-4375-BD79-1712E580BE07}"
EndProject
Global
	GlobalSection(SolutionConfigurationPlatforms) = preSolution
		Debug|Any CPU = Debug|Any CPU
		Release|Any CPU = Release|Any CPU
	EndGlobalSection
	GlobalSection(ProjectConfigurationPlatforms) = postSolution
		{E581E38B-7B37-4EF3-B118-7C0F8400143C}.Debug|Any CPU.ActiveCfg = Debug|Any CPU
		{E581E38B-7B37-4EF3-B118-7C0F8400143C}.Debug|Any CPU.Build.0 = Debug|Any CPU
		{E581E38B-7B37-4EF3-B118-7C0F8400143C}.Release|Any CPU.ActiveCfg = Release|Any CPU
		{E581E38B-7B37-4EF3-B118-7C0F8400143C}.Release|Any CPU.Build.0 = Release|Any CPU
		{4AF6E2F7-0DD0-49AC-B69A-455282E200AE}.Debug|Any CPU.ActiveCfg = Debug|Any CPU
		{4AF6E2F7-0DD0-49AC-B69A-455282E200AE}.Debug|Any CPU.Build.0 = Debug|Any CPU
		{4AF6E2F7-0DD0-49AC-B69A-455282E200AE}.Release|Any CPU.ActiveCfg = Release|Any CPU
		{4AF6E2F7-0DD0-49AC-B69A-455282E200AE}.Release|Any CPU.Build.0 = Release|Any CPU
		{7297DBA4-4C0E-47D3-9185-B4B3D4B89635}.Debug|Any CPU.ActiveCfg = Debug|Any CPU
		{7297DBA4-4C0E-47D3-9185-B4B3D4B89635}.Debug|Any CPU.Build.0 = Debug|Any CPU
		{7297DBA4-4C0E-47D3-9185-B4B3D4B89635}.Release|Any CPU.ActiveCfg = Release|Any CPU
		{7297DBA4-4C0E-47D3-9185-B4B3D4B89635}.Release|Any CPU.Build.0 = Release|Any CPU
		{E34DFA6F-9955-4375-BD79-1712E580BE07}.Debug|Any CPU.ActiveCfg = Debug|Any CPU
		{E34DFA6F-9955-4375-BD79-1712E580BE07}.Debug|Any CPU.Build.0 = Debug|Any CPU
		{E34DFA6F-9955-4375-BD79-1712E580BE07}.Release|Any CPU.ActiveCfg = Release|Any CPU
		{E34DFA6F-9955-4375-BD79-1712E580BE07}.Release|Any CPU.Build.0 = Release|Any CPU
	EndGlobalSection
	GlobalSection(SolutionProperties) = preSolution
		HideSolutionNode = FALSE
	EndGlobalSection
	GlobalSection(ExtensibilityGlobals) = postSolution
		SolutionGuid = {BA0018EE-27FD-4359-B7BA-01568E450680}
	EndGlobalSection
EndGlobal
