
Microsoft Visual Studio Solution File, Format Version 12.00
# Visual Studio 15
VisualStudioVersion = 15.0.28307.489
MinimumVisualStudioVersion = 10.0.40219.1
Project("{FAE04EC0-301F-11D3-BF4B-00C04F79EFBC}") = "SummatorAsync", "async-task1\SummatorAsync\SummatorAsync.csproj", "{D79E2B44-CF95-4342-BF5E-45EE13045A9F}"
EndProject
Project("{FAE04EC0-301F-11D3-BF4B-00C04F79EFBC}") = "SummatorAsync.ConsoleApp", "async-task1\SummatorAsync.ConsoleApp\SummatorAsync.ConsoleApp.csproj", "{52898EEE-02AF-4B71-A709-FC7F52A88F98}"
EndProject
Project("{2150E333-8FDC-42A3-9474-1A3956D46DE8}") = "async-task1", "async-task1", "{7C051A35-8D75-436D-99F6-D35124A0ED2C}"
	ProjectSection(SolutionItems) = preProject
		async-task1\task.md = async-task1\task.md
	EndProjectSection
EndProject
Project("{FAE04EC0-301F-11D3-BF4B-00C04F79EFBC}") = "DownloadManager", "async-task2\DownloadManager\DownloadManager.csproj", "{9FE4411C-C13F-4695-8E23-EB13E16E1017}"
EndProject
Project("{FAE04EC0-301F-11D3-BF4B-00C04F79EFBC}") = "DownloadManager.WindowsFormsApp", "async-task2\DownloadManager.WindowsFormsApp\DownloadManager.WindowsFormsApp.csproj", "{A43324F4-6593-49B5-90DF-D645BFB360BB}"
EndProject
Project("{2150E333-8FDC-42A3-9474-1A3956D46DE8}") = "async-task2", "async-task2", "{E4986BDC-A75E-4777-A6F9-919647208D09}"
	ProjectSection(SolutionItems) = preProject
		async-task2\task.md = async-task2\task.md
	EndProjectSection
EndProject
Project("{2150E333-8FDC-42A3-9474-1A3956D46DE8}") = "async-task4", "async-task4", "{C89163EF-DF42-4CD0-83F6-D69E29C0EE86}"
	ProjectSection(SolutionItems) = preProject
		async-task4\task.md = async-task4\task.md
	EndProjectSection
EndProject
Project("{FAE04EC0-301F-11D3-BF4B-00C04F79EFBC}") = "Data", "async-task4\Data\Data.csproj", "{0A3679FB-7A20-4027-AFAB-3190C5A7AA86}"
EndProject
Project("{FAE04EC0-301F-11D3-BF4B-00C04F79EFBC}") = "Data.FakeAdapter", "async-task4\Data.FakeAdapter\Data.FakeAdapter.csproj", "{8ED7BD83-D4B4-4C84-94ED-7F68DB0033BE}"
EndProject
Project("{FAE04EC0-301F-11D3-BF4B-00C04F79EFBC}") = "Data.ConsoleApp", "async-task4\Data.ConsoleApp\Data.ConsoleApp.csproj", "{14A3F768-B6F5-4488-8475-9ABE2F668440}"
EndProject
Project("{2150E333-8FDC-42A3-9474-1A3956D46DE8}") = "multithreading-tasks", "multithreading-tasks", "{D4885651-7755-45A1-919F-E1DE1359DB8D}"
EndProject
Project("{FAE04EC0-301F-11D3-BF4B-00C04F79EFBC}") = "Multithreading", "multithreading-tasks\Multithreading\Multithreading.csproj", "{6F6877E8-9460-4CE0-AEBD-764E3EC352AB}"
EndProject
Project("{2150E333-8FDC-42A3-9474-1A3956D46DE8}") = "messenger", "messenger", "{8511B61C-8B39-42FD-A93B-DC804613810D}"
	ProjectSection(SolutionItems) = preProject
		messenger\start.ps1 = messenger\start.ps1
		messenger\task.md = messenger\task.md
	EndProjectSection
EndProject
Project("{FAE04EC0-301F-11D3-BF4B-00C04F79EFBC}") = "Messenger.Server.ConsoleApp", "messenger\Messenger.Server.ConsoleApp\Messenger.Server.ConsoleApp.csproj", "{AF87C62B-F362-48C0-933A-F36F56B7885B}"
EndProject
Project("{FAE04EC0-301F-11D3-BF4B-00C04F79EFBC}") = "Messenger.Client.ConsoleApp", "messenger\Messenger.Client.ConsoleApp\Messenger.Client.ConsoleApp.csproj", "{21FBCA98-B6E7-4F57-B432-CC43B4D3CA00}"
EndProject
Project("{FAE04EC0-301F-11D3-BF4B-00C04F79EFBC}") = "Messenger.Client", "messenger\Messenger.Client\Messenger.Client.csproj", "{2BF1B6A2-D887-4BD8-8120-3F34120D8795}"
EndProject
Project("{FAE04EC0-301F-11D3-BF4B-00C04F79EFBC}") = "Messenger.Common", "messenger\Messenger.Common\Messenger.Common.csproj", "{213C6DC7-E750-4AB3-8E71-AF7AAC2A1EAE}"
EndProject
Project("{FAE04EC0-301F-11D3-BF4B-00C04F79EFBC}") = "Messenger.Server", "messenger\Messenger.Server\Messenger.Server.csproj", "{F5955C4E-32A2-4D31-84CD-3B591E372A27}"
EndProject
Global
	GlobalSection(SolutionConfigurationPlatforms) = preSolution
		Debug|Any CPU = Debug|Any CPU
		Release|Any CPU = Release|Any CPU
	EndGlobalSection
	GlobalSection(ProjectConfigurationPlatforms) = postSolution
		{D79E2B44-CF95-4342-BF5E-45EE13045A9F}.Debug|Any CPU.ActiveCfg = Debug|Any CPU
		{D79E2B44-CF95-4342-BF5E-45EE13045A9F}.Debug|Any CPU.Build.0 = Debug|Any CPU
		{D79E2B44-CF95-4342-BF5E-45EE13045A9F}.Release|Any CPU.ActiveCfg = Release|Any CPU
		{D79E2B44-CF95-4342-BF5E-45EE13045A9F}.Release|Any CPU.Build.0 = Release|Any CPU
		{52898EEE-02AF-4B71-A709-FC7F52A88F98}.Debug|Any CPU.ActiveCfg = Debug|Any CPU
		{52898EEE-02AF-4B71-A709-FC7F52A88F98}.Debug|Any CPU.Build.0 = Debug|Any CPU
		{52898EEE-02AF-4B71-A709-FC7F52A88F98}.Release|Any CPU.ActiveCfg = Release|Any CPU
		{52898EEE-02AF-4B71-A709-FC7F52A88F98}.Release|Any CPU.Build.0 = Release|Any CPU
		{9FE4411C-C13F-4695-8E23-EB13E16E1017}.Debug|Any CPU.ActiveCfg = Debug|Any CPU
		{9FE4411C-C13F-4695-8E23-EB13E16E1017}.Debug|Any CPU.Build.0 = Debug|Any CPU
		{9FE4411C-C13F-4695-8E23-EB13E16E1017}.Release|Any CPU.ActiveCfg = Release|Any CPU
		{9FE4411C-C13F-4695-8E23-EB13E16E1017}.Release|Any CPU.Build.0 = Release|Any CPU
		{A43324F4-6593-49B5-90DF-D645BFB360BB}.Debug|Any CPU.ActiveCfg = Debug|Any CPU
		{A43324F4-6593-49B5-90DF-D645BFB360BB}.Debug|Any CPU.Build.0 = Debug|Any CPU
		{A43324F4-6593-49B5-90DF-D645BFB360BB}.Release|Any CPU.ActiveCfg = Release|Any CPU
		{A43324F4-6593-49B5-90DF-D645BFB360BB}.Release|Any CPU.Build.0 = Release|Any CPU
		{0A3679FB-7A20-4027-AFAB-3190C5A7AA86}.Debug|Any CPU.ActiveCfg = Debug|Any CPU
		{0A3679FB-7A20-4027-AFAB-3190C5A7AA86}.Debug|Any CPU.Build.0 = Debug|Any CPU
		{0A3679FB-7A20-4027-AFAB-3190C5A7AA86}.Release|Any CPU.ActiveCfg = Release|Any CPU
		{0A3679FB-7A20-4027-AFAB-3190C5A7AA86}.Release|Any CPU.Build.0 = Release|Any CPU
		{8ED7BD83-D4B4-4C84-94ED-7F68DB0033BE}.Debug|Any CPU.ActiveCfg = Debug|Any CPU
		{8ED7BD83-D4B4-4C84-94ED-7F68DB0033BE}.Debug|Any CPU.Build.0 = Debug|Any CPU
		{8ED7BD83-D4B4-4C84-94ED-7F68DB0033BE}.Release|Any CPU.ActiveCfg = Release|Any CPU
		{8ED7BD83-D4B4-4C84-94ED-7F68DB0033BE}.Release|Any CPU.Build.0 = Release|Any CPU
		{14A3F768-B6F5-4488-8475-9ABE2F668440}.Debug|Any CPU.ActiveCfg = Debug|Any CPU
		{14A3F768-B6F5-4488-8475-9ABE2F668440}.Debug|Any CPU.Build.0 = Debug|Any CPU
		{14A3F768-B6F5-4488-8475-9ABE2F668440}.Release|Any CPU.ActiveCfg = Release|Any CPU
		{14A3F768-B6F5-4488-8475-9ABE2F668440}.Release|Any CPU.Build.0 = Release|Any CPU
		{6F6877E8-9460-4CE0-AEBD-764E3EC352AB}.Debug|Any CPU.ActiveCfg = Debug|Any CPU
		{6F6877E8-9460-4CE0-AEBD-764E3EC352AB}.Debug|Any CPU.Build.0 = Debug|Any CPU
		{6F6877E8-9460-4CE0-AEBD-764E3EC352AB}.Release|Any CPU.ActiveCfg = Release|Any CPU
		{6F6877E8-9460-4CE0-AEBD-764E3EC352AB}.Release|Any CPU.Build.0 = Release|Any CPU
		{AF87C62B-F362-48C0-933A-F36F56B7885B}.Debug|Any CPU.ActiveCfg = Debug|Any CPU
		{AF87C62B-F362-48C0-933A-F36F56B7885B}.Debug|Any CPU.Build.0 = Debug|Any CPU
		{AF87C62B-F362-48C0-933A-F36F56B7885B}.Release|Any CPU.ActiveCfg = Release|Any CPU
		{AF87C62B-F362-48C0-933A-F36F56B7885B}.Release|Any CPU.Build.0 = Release|Any CPU
		{21FBCA98-B6E7-4F57-B432-CC43B4D3CA00}.Debug|Any CPU.ActiveCfg = Debug|Any CPU
		{21FBCA98-B6E7-4F57-B432-CC43B4D3CA00}.Debug|Any CPU.Build.0 = Debug|Any CPU
		{21FBCA98-B6E7-4F57-B432-CC43B4D3CA00}.Release|Any CPU.ActiveCfg = Release|Any CPU
		{21FBCA98-B6E7-4F57-B432-CC43B4D3CA00}.Release|Any CPU.Build.0 = Release|Any CPU
		{2BF1B6A2-D887-4BD8-8120-3F34120D8795}.Debug|Any CPU.ActiveCfg = Debug|Any CPU
		{2BF1B6A2-D887-4BD8-8120-3F34120D8795}.Debug|Any CPU.Build.0 = Debug|Any CPU
		{2BF1B6A2-D887-4BD8-8120-3F34120D8795}.Release|Any CPU.ActiveCfg = Release|Any CPU
		{2BF1B6A2-D887-4BD8-8120-3F34120D8795}.Release|Any CPU.Build.0 = Release|Any CPU
		{213C6DC7-E750-4AB3-8E71-AF7AAC2A1EAE}.Debug|Any CPU.ActiveCfg = Debug|Any CPU
		{213C6DC7-E750-4AB3-8E71-AF7AAC2A1EAE}.Debug|Any CPU.Build.0 = Debug|Any CPU
		{213C6DC7-E750-4AB3-8E71-AF7AAC2A1EAE}.Release|Any CPU.ActiveCfg = Release|Any CPU
		{213C6DC7-E750-4AB3-8E71-AF7AAC2A1EAE}.Release|Any CPU.Build.0 = Release|Any CPU
		{F5955C4E-32A2-4D31-84CD-3B591E372A27}.Debug|Any CPU.ActiveCfg = Debug|Any CPU
		{F5955C4E-32A2-4D31-84CD-3B591E372A27}.Debug|Any CPU.Build.0 = Debug|Any CPU
		{F5955C4E-32A2-4D31-84CD-3B591E372A27}.Release|Any CPU.ActiveCfg = Release|Any CPU
		{F5955C4E-32A2-4D31-84CD-3B591E372A27}.Release|Any CPU.Build.0 = Release|Any CPU
	EndGlobalSection
	GlobalSection(SolutionProperties) = preSolution
		HideSolutionNode = FALSE
	EndGlobalSection
	GlobalSection(NestedProjects) = preSolution
		{D79E2B44-CF95-4342-BF5E-45EE13045A9F} = {7C051A35-8D75-436D-99F6-D35124A0ED2C}
		{52898EEE-02AF-4B71-A709-FC7F52A88F98} = {7C051A35-8D75-436D-99F6-D35124A0ED2C}
		{9FE4411C-C13F-4695-8E23-EB13E16E1017} = {E4986BDC-A75E-4777-A6F9-919647208D09}
		{A43324F4-6593-49B5-90DF-D645BFB360BB} = {E4986BDC-A75E-4777-A6F9-919647208D09}
		{0A3679FB-7A20-4027-AFAB-3190C5A7AA86} = {C89163EF-DF42-4CD0-83F6-D69E29C0EE86}
		{8ED7BD83-D4B4-4C84-94ED-7F68DB0033BE} = {C89163EF-DF42-4CD0-83F6-D69E29C0EE86}
		{14A3F768-B6F5-4488-8475-9ABE2F668440} = {C89163EF-DF42-4CD0-83F6-D69E29C0EE86}
		{6F6877E8-9460-4CE0-AEBD-764E3EC352AB} = {D4885651-7755-45A1-919F-E1DE1359DB8D}
		{AF87C62B-F362-48C0-933A-F36F56B7885B} = {8511B61C-8B39-42FD-A93B-DC804613810D}
		{21FBCA98-B6E7-4F57-B432-CC43B4D3CA00} = {8511B61C-8B39-42FD-A93B-DC804613810D}
		{2BF1B6A2-D887-4BD8-8120-3F34120D8795} = {8511B61C-8B39-42FD-A93B-DC804613810D}
		{213C6DC7-E750-4AB3-8E71-AF7AAC2A1EAE} = {8511B61C-8B39-42FD-A93B-DC804613810D}
		{F5955C4E-32A2-4D31-84CD-3B591E372A27} = {8511B61C-8B39-42FD-A93B-DC804613810D}
	EndGlobalSection
	GlobalSection(ExtensibilityGlobals) = postSolution
		SolutionGuid = {DC98F0CF-19AB-4105-ADBD-E794C036A33E}
	EndGlobalSection
EndGlobal
